// !$*UTF8*$!
{
	archiveVersion = 1;
	classes = {
	};
	objectVersion = 50;
	objects = {

/* Begin PBXBuildFile section */
		48C1AE8A26052DA9003F48F1 /* SwiftUIAnimationApp.swift in Sources */ = {isa = PBXBuildFile; fileRef = 48C1AE8926052DA9003F48F1 /* SwiftUIAnimationApp.swift */; };
		48C1AE8C26052DA9003F48F1 /* ContentView.swift in Sources */ = {isa = PBXBuildFile; fileRef = 48C1AE8B26052DA9003F48F1 /* ContentView.swift */; };
		48C1AE8E26052DAB003F48F1 /* Assets.xcassets in Resources */ = {isa = PBXBuildFile; fileRef = 48C1AE8D26052DAB003F48F1 /* Assets.xcassets */; };
		48C1AE9126052DAB003F48F1 /* Preview Assets.xcassets in Resources */ = {isa = PBXBuildFile; fileRef = 48C1AE9026052DAB003F48F1 /* Preview Assets.xcassets */; };
		48C1AE9C26052DAB003F48F1 /* SwiftUIAnimationTests.swift in Sources */ = {isa = PBXBuildFile; fileRef = 48C1AE9B26052DAB003F48F1 /* SwiftUIAnimationTests.swift */; };
		48C1AEA726052DAB003F48F1 /* SwiftUIAnimationUITests.swift in Sources */ = {isa = PBXBuildFile; fileRef = 48C1AEA626052DAB003F48F1 /* SwiftUIAnimationUITests.swift */; };
		48C1AEB926052EF9003F48F1 /* AnimatedTouchID.swift in Sources */ = {isa = PBXBuildFile; fileRef = 48C1AEB826052EF9003F48F1 /* AnimatedTouchID.swift */; };
		48C1AEBF260534B7003F48F1 /* ColorExtension.swift in Sources */ = {isa = PBXBuildFile; fileRef = 48C1AEBE260534B7003F48F1 /* ColorExtension.swift */; };
		48C1AED226055146003F48F1 /* ExpandingCheckMark.swift in Sources */ = {isa = PBXBuildFile; fileRef = 48C1AED126055146003F48F1 /* ExpandingCheckMark.swift */; };
		48C1AED726055ACA003F48F1 /* ExpandingTriangles.swift in Sources */ = {isa = PBXBuildFile; fileRef = 48C1AED626055ACA003F48F1 /* ExpandingTriangles.swift */; };
		48C1AEEC2608F809003F48F1 /* WaveView.swift in Sources */ = {isa = PBXBuildFile; fileRef = 48C1AEEB2608F809003F48F1 /* WaveView.swift */; };
		48C1AEF12608FE85003F48F1 /* CustomTabBar.swift in Sources */ = {isa = PBXBuildFile; fileRef = 48C1AEF02608FE85003F48F1 /* CustomTabBar.swift */; };
		48C1AEF62609026E003F48F1 /* ImageExtension.swift in Sources */ = {isa = PBXBuildFile; fileRef = 48C1AEF52609026E003F48F1 /* ImageExtension.swift */; };
/* End PBXBuildFile section */

/* Begin PBXContainerItemProxy section */
		48C1AE9826052DAB003F48F1 /* PBXContainerItemProxy */ = {
			isa = PBXContainerItemProxy;
			containerPortal = 48C1AE7E26052DA9003F48F1 /* Project object */;
			proxyType = 1;
			remoteGlobalIDString = 48C1AE8526052DA9003F48F1;
			remoteInfo = SwiftUIAnimation;
		};
		48C1AEA326052DAB003F48F1 /* PBXContainerItemProxy */ = {
			isa = PBXContainerItemProxy;
			containerPortal = 48C1AE7E26052DA9003F48F1 /* Project object */;
			proxyType = 1;
			remoteGlobalIDString = 48C1AE8526052DA9003F48F1;
			remoteInfo = SwiftUIAnimation;
		};
/* End PBXContainerItemProxy section */

/* Begin PBXFileReference section */
		48C1AE8626052DA9003F48F1 /* SwiftUIAnimation.app */ = {isa = PBXFileReference; explicitFileType = wrapper.application; includeInIndex = 0; path = SwiftUIAnimation.app; sourceTree = BUILT_PRODUCTS_DIR; };
		48C1AE8926052DA9003F48F1 /* SwiftUIAnimationApp.swift */ = {isa = PBXFileReference; lastKnownFileType = sourcecode.swift; path = SwiftUIAnimationApp.swift; sourceTree = "<group>"; };
		48C1AE8B26052DA9003F48F1 /* ContentView.swift */ = {isa = PBXFileReference; lastKnownFileType = sourcecode.swift; path = ContentView.swift; sourceTree = "<group>"; };
		48C1AE8D26052DAB003F48F1 /* Assets.xcassets */ = {isa = PBXFileReference; lastKnownFileType = folder.assetcatalog; path = Assets.xcassets; sourceTree = "<group>"; };
		48C1AE9026052DAB003F48F1 /* Preview Assets.xcassets */ = {isa = PBXFileReference; lastKnownFileType = folder.assetcatalog; path = "Preview Assets.xcassets"; sourceTree = "<group>"; };
		48C1AE9226052DAB003F48F1 /* Info.plist */ = {isa = PBXFileReference; lastKnownFileType = text.plist.xml; path = Info.plist; sourceTree = "<group>"; };
		48C1AE9726052DAB003F48F1 /* SwiftUIAnimationTests.xctest */ = {isa = PBXFileReference; explicitFileType = wrapper.cfbundle; includeInIndex = 0; path = SwiftUIAnimationTests.xctest; sourceTree = BUILT_PRODUCTS_DIR; };
		48C1AE9B26052DAB003F48F1 /* SwiftUIAnimationTests.swift */ = {isa = PBXFileReference; lastKnownFileType = sourcecode.swift; path = SwiftUIAnimationTests.swift; sourceTree = "<group>"; };
		48C1AE9D26052DAB003F48F1 /* Info.plist */ = {isa = PBXFileReference; lastKnownFileType = text.plist.xml; path = Info.plist; sourceTree = "<group>"; };
		48C1AEA226052DAB003F48F1 /* SwiftUIAnimationUITests.xctest */ = {isa = PBXFileReference; explicitFileType = wrapper.cfbundle; includeInIndex = 0; path = SwiftUIAnimationUITests.xctest; sourceTree = BUILT_PRODUCTS_DIR; };
		48C1AEA626052DAB003F48F1 /* SwiftUIAnimationUITests.swift */ = {isa = PBXFileReference; lastKnownFileType = sourcecode.swift; path = SwiftUIAnimationUITests.swift; sourceTree = "<group>"; };
		48C1AEA826052DAB003F48F1 /* Info.plist */ = {isa = PBXFileReference; lastKnownFileType = text.plist.xml; path = Info.plist; sourceTree = "<group>"; };
		48C1AEB826052EF9003F48F1 /* AnimatedTouchID.swift */ = {isa = PBXFileReference; lastKnownFileType = sourcecode.swift; path = AnimatedTouchID.swift; sourceTree = "<group>"; };
		48C1AEBE260534B7003F48F1 /* ColorExtension.swift */ = {isa = PBXFileReference; lastKnownFileType = sourcecode.swift; path = ColorExtension.swift; sourceTree = "<group>"; };
		48C1AED126055146003F48F1 /* ExpandingCheckMark.swift */ = {isa = PBXFileReference; lastKnownFileType = sourcecode.swift; path = ExpandingCheckMark.swift; sourceTree = "<group>"; };
		48C1AED626055ACA003F48F1 /* ExpandingTriangles.swift */ = {isa = PBXFileReference; lastKnownFileType = sourcecode.swift; path = ExpandingTriangles.swift; sourceTree = "<group>"; };
		48C1AEEB2608F809003F48F1 /* WaveView.swift */ = {isa = PBXFileReference; lastKnownFileType = sourcecode.swift; path = WaveView.swift; sourceTree = "<group>"; };
		48C1AEF02608FE85003F48F1 /* CustomTabBar.swift */ = {isa = PBXFileReference; lastKnownFileType = sourcecode.swift; path = CustomTabBar.swift; sourceTree = "<group>"; };
		48C1AEF52609026E003F48F1 /* ImageExtension.swift */ = {isa = PBXFileReference; lastKnownFileType = sourcecode.swift; path = ImageExtension.swift; sourceTree = "<group>"; };
/* End PBXFileReference section */

/* Begin PBXFrameworksBuildPhase section */
		48C1AE8326052DA9003F48F1 /* Frameworks */ = {
			isa = PBXFrameworksBuildPhase;
			buildActionMask = 2147483647;
			files = (
			);
			runOnlyForDeploymentPostprocessing = 0;
		};
		48C1AE9426052DAB003F48F1 /* Frameworks */ = {
			isa = PBXFrameworksBuildPhase;
			buildActionMask = 2147483647;
			files = (
			);
			runOnlyForDeploymentPostprocessing = 0;
		};
		48C1AE9F26052DAB003F48F1 /* Frameworks */ = {
			isa = PBXFrameworksBuildPhase;
			buildActionMask = 2147483647;
			files = (
			);
			runOnlyForDeploymentPostprocessing = 0;
		};
/* End PBXFrameworksBuildPhase section */

/* Begin PBXGroup section */
		48C1AE7D26052DA9003F48F1 = {
			isa = PBXGroup;
			children = (
				48C1AE8826052DA9003F48F1 /* SwiftUIAnimation */,
				48C1AE9A26052DAB003F48F1 /* SwiftUIAnimationTests */,
				48C1AEA526052DAB003F48F1 /* SwiftUIAnimationUITests */,
				48C1AE8726052DA9003F48F1 /* Products */,
			);
			sourceTree = "<group>";
		};
		48C1AE8726052DA9003F48F1 /* Products */ = {
			isa = PBXGroup;
			children = (
				48C1AE8626052DA9003F48F1 /* SwiftUIAnimation.app */,
				48C1AE9726052DAB003F48F1 /* SwiftUIAnimationTests.xctest */,
				48C1AEA226052DAB003F48F1 /* SwiftUIAnimationUITests.xctest */,
			);
			name = Products;
			sourceTree = "<group>";
		};
		48C1AE8826052DA9003F48F1 /* SwiftUIAnimation */ = {
			isa = PBXGroup;
			children = (
				48C1AE8926052DA9003F48F1 /* SwiftUIAnimationApp.swift */,
				48C1AEBD260534A3003F48F1 /* Extension */,
				48C1AEB726052ED9003F48F1 /* View */,
				48C1AE8B26052DA9003F48F1 /* ContentView.swift */,
				48C1AE8D26052DAB003F48F1 /* Assets.xcassets */,
				48C1AE9226052DAB003F48F1 /* Info.plist */,
				48C1AE8F26052DAB003F48F1 /* Preview Content */,
			);
			path = SwiftUIAnimation;
			sourceTree = "<group>";
		};
		48C1AE8F26052DAB003F48F1 /* Preview Content */ = {
			isa = PBXGroup;
			children = (
				48C1AE9026052DAB003F48F1 /* Preview Assets.xcassets */,
			);
			path = "Preview Content";
			sourceTree = "<group>";
		};
		48C1AE9A26052DAB003F48F1 /* SwiftUIAnimationTests */ = {
			isa = PBXGroup;
			children = (
				48C1AE9B26052DAB003F48F1 /* SwiftUIAnimationTests.swift */,
				48C1AE9D26052DAB003F48F1 /* Info.plist */,
			);
			path = SwiftUIAnimationTests;
			sourceTree = "<group>";
		};
		48C1AEA526052DAB003F48F1 /* SwiftUIAnimationUITests */ = {
			isa = PBXGroup;
			children = (
				48C1AEA626052DAB003F48F1 /* SwiftUIAnimationUITests.swift */,
				48C1AEA826052DAB003F48F1 /* Info.plist */,
			);
			path = SwiftUIAnimationUITests;
			sourceTree = "<group>";
		};
		48C1AEB726052ED9003F48F1 /* View */ = {
			isa = PBXGroup;
			children = (
				48C1AEB826052EF9003F48F1 /* AnimatedTouchID.swift */,
				48C1AED126055146003F48F1 /* ExpandingCheckMark.swift */,
				48C1AEEB2608F809003F48F1 /* WaveView.swift */,
				48C1AED626055ACA003F48F1 /* ExpandingTriangles.swift */,
				48C1AEF02608FE85003F48F1 /* CustomTabBar.swift */,
			);
			path = View;
			sourceTree = "<group>";
		};
		48C1AEBD260534A3003F48F1 /* Extension */ = {
			isa = PBXGroup;
			children = (
				48C1AEBE260534B7003F48F1 /* ColorExtension.swift */,
				48C1AEF52609026E003F48F1 /* ImageExtension.swift */,
			);
			path = Extension;
			sourceTree = "<group>";
		};
/* End PBXGroup section */

/* Begin PBXNativeTarget section */
		48C1AE8526052DA9003F48F1 /* SwiftUIAnimation */ = {
			isa = PBXNativeTarget;
			buildConfigurationList = 48C1AEAB26052DAB003F48F1 /* Build configuration list for PBXNativeTarget "SwiftUIAnimation" */;
			buildPhases = (
				48C1AE8226052DA9003F48F1 /* Sources */,
				48C1AE8326052DA9003F48F1 /* Frameworks */,
				48C1AE8426052DA9003F48F1 /* Resources */,
			);
			buildRules = (
			);
			dependencies = (
			);
			name = SwiftUIAnimation;
			productName = SwiftUIAnimation;
			productReference = 48C1AE8626052DA9003F48F1 /* SwiftUIAnimation.app */;
			productType = "com.apple.product-type.application";
		};
		48C1AE9626052DAB003F48F1 /* SwiftUIAnimationTests */ = {
			isa = PBXNativeTarget;
			buildConfigurationList = 48C1AEAE26052DAB003F48F1 /* Build configuration list for PBXNativeTarget "SwiftUIAnimationTests" */;
			buildPhases = (
				48C1AE9326052DAB003F48F1 /* Sources */,
				48C1AE9426052DAB003F48F1 /* Frameworks */,
				48C1AE9526052DAB003F48F1 /* Resources */,
			);
			buildRules = (
			);
			dependencies = (
				48C1AE9926052DAB003F48F1 /* PBXTargetDependency */,
			);
			name = SwiftUIAnimationTests;
			productName = SwiftUIAnimationTests;
			productReference = 48C1AE9726052DAB003F48F1 /* SwiftUIAnimationTests.xctest */;
			productType = "com.apple.product-type.bundle.unit-test";
		};
		48C1AEA126052DAB003F48F1 /* SwiftUIAnimationUITests */ = {
			isa = PBXNativeTarget;
			buildConfigurationList = 48C1AEB126052DAB003F48F1 /* Build configuration list for PBXNativeTarget "SwiftUIAnimationUITests" */;
			buildPhases = (
				48C1AE9E26052DAB003F48F1 /* Sources */,
				48C1AE9F26052DAB003F48F1 /* Frameworks */,
				48C1AEA026052DAB003F48F1 /* Resources */,
			);
			buildRules = (
			);
			dependencies = (
				48C1AEA426052DAB003F48F1 /* PBXTargetDependency */,
			);
			name = SwiftUIAnimationUITests;
			productName = SwiftUIAnimationUITests;
			productReference = 48C1AEA226052DAB003F48F1 /* SwiftUIAnimationUITests.xctest */;
			productType = "com.apple.product-type.bundle.ui-testing";
		};
/* End PBXNativeTarget section */

/* Begin PBXProject section */
		48C1AE7E26052DA9003F48F1 /* Project object */ = {
			isa = PBXProject;
			attributes = {
				LastSwiftUpdateCheck = 1240;
				LastUpgradeCheck = 1240;
				TargetAttributes = {
					48C1AE8526052DA9003F48F1 = {
						CreatedOnToolsVersion = 12.4;
					};
					48C1AE9626052DAB003F48F1 = {
						CreatedOnToolsVersion = 12.4;
						TestTargetID = 48C1AE8526052DA9003F48F1;
					};
					48C1AEA126052DAB003F48F1 = {
						CreatedOnToolsVersion = 12.4;
						TestTargetID = 48C1AE8526052DA9003F48F1;
					};
				};
			};
			buildConfigurationList = 48C1AE8126052DA9003F48F1 /* Build configuration list for PBXProject "SwiftUIAnimation" */;
			compatibilityVersion = "Xcode 9.3";
			developmentRegion = en;
			hasScannedForEncodings = 0;
			knownRegions = (
				en,
				Base,
			);
			mainGroup = 48C1AE7D26052DA9003F48F1;
			productRefGroup = 48C1AE8726052DA9003F48F1 /* Products */;
			projectDirPath = "";
			projectRoot = "";
			targets = (
				48C1AE8526052DA9003F48F1 /* SwiftUIAnimation */,
				48C1AE9626052DAB003F48F1 /* SwiftUIAnimationTests */,
				48C1AEA126052DAB003F48F1 /* SwiftUIAnimationUITests */,
			);
		};
/* End PBXProject section */

/* Begin PBXResourcesBuildPhase section */
		48C1AE8426052DA9003F48F1 /* Resources */ = {
			isa = PBXResourcesBuildPhase;
			buildActionMask = 2147483647;
			files = (
				48C1AE9126052DAB003F48F1 /* Preview Assets.xcassets in Resources */,
				48C1AE8E26052DAB003F48F1 /* Assets.xcassets in Resources */,
			);
			runOnlyForDeploymentPostprocessing = 0;
		};
		48C1AE9526052DAB003F48F1 /* Resources */ = {
			isa = PBXResourcesBuildPhase;
			buildActionMask = 2147483647;
			files = (
			);
			runOnlyForDeploymentPostprocessing = 0;
		};
		48C1AEA026052DAB003F48F1 /* Resources */ = {
			isa = PBXResourcesBuildPhase;
			buildActionMask = 2147483647;
			files = (
			);
			runOnlyForDeploymentPostprocessing = 0;
		};
/* End PBXResourcesBuildPhase section */

/* Begin PBXSourcesBuildPhase section */
		48C1AE8226052DA9003F48F1 /* Sources */ = {
			isa = PBXSourcesBuildPhase;
			buildActionMask = 2147483647;
			files = (
				48C1AE8C26052DA9003F48F1 /* ContentView.swift in Sources */,
				48C1AEB926052EF9003F48F1 /* AnimatedTouchID.swift in Sources */,
				48C1AEEC2608F809003F48F1 /* WaveView.swift in Sources */,
				48C1AED726055ACA003F48F1 /* ExpandingTriangles.swift in Sources */,
				48C1AEF12608FE85003F48F1 /* CustomTabBar.swift in Sources */,
				48C1AE8A26052DA9003F48F1 /* SwiftUIAnimationApp.swift in Sources */,
				48C1AEBF260534B7003F48F1 /* ColorExtension.swift in Sources */,
				48C1AEF62609026E003F48F1 /* ImageExtension.swift in Sources */,
				48C1AED226055146003F48F1 /* ExpandingCheckMark.swift in Sources */,
			);
			runOnlyForDeploymentPostprocessing = 0;
		};
		48C1AE9326052DAB003F48F1 /* Sources */ = {
			isa = PBXSourcesBuildPhase;
			buildActionMask = 2147483647;
			files = (
				48C1AE9C26052DAB003F48F1 /* SwiftUIAnimationTests.swift in Sources */,
			);
			runOnlyForDeploymentPostprocessing = 0;
		};
		48C1AE9E26052DAB003F48F1 /* Sources */ = {
			isa = PBXSourcesBuildPhase;
			buildActionMask = 2147483647;
			files = (
				48C1AEA726052DAB003F48F1 /* SwiftUIAnimationUITests.swift in Sources */,
			);
			runOnlyForDeploymentPostprocessing = 0;
		};
/* End PBXSourcesBuildPhase section */

/* Begin PBXTargetDependency section */
		48C1AE9926052DAB003F48F1 /* PBXTargetDependency */ = {
			isa = PBXTargetDependency;
			target = 48C1AE8526052DA9003F48F1 /* SwiftUIAnimation */;
			targetProxy = 48C1AE9826052DAB003F48F1 /* PBXContainerItemProxy */;
		};
		48C1AEA426052DAB003F48F1 /* PBXTargetDependency */ = {
			isa = PBXTargetDependency;
			target = 48C1AE8526052DA9003F48F1 /* SwiftUIAnimation */;
			targetProxy = 48C1AEA326052DAB003F48F1 /* PBXContainerItemProxy */;
		};
/* End PBXTargetDependency section */

/* Begin XCBuildConfiguration section */
		48C1AEA926052DAB003F48F1 /* Debug */ = {
			isa = XCBuildConfiguration;
			buildSettings = {
				ALWAYS_SEARCH_USER_PATHS = NO;
				CLANG_ANALYZER_NONNULL = YES;
				CLANG_ANALYZER_NUMBER_OBJECT_CONVERSION = YES_AGGRESSIVE;
				CLANG_CXX_LANGUAGE_STANDARD = "gnu++14";
				CLANG_CXX_LIBRARY = "libc++";
				CLANG_ENABLE_MODULES = YES;
				CLANG_ENABLE_OBJC_ARC = YES;
				CLANG_ENABLE_OBJC_WEAK = YES;
				CLANG_WARN_BLOCK_CAPTURE_AUTORELEASING = YES;
				CLANG_WARN_BOOL_CONVERSION = YES;
				CLANG_WARN_COMMA = YES;
				CLANG_WARN_CONSTANT_CONVERSION = YES;
				CLANG_WARN_DEPRECATED_OBJC_IMPLEMENTATIONS = YES;
				CLANG_WARN_DIRECT_OBJC_ISA_USAGE = YES_ERROR;
				CLANG_WARN_DOCUMENTATION_COMMENTS = YES;
				CLANG_WARN_EMPTY_BODY = YES;
				CLANG_WARN_ENUM_CONVERSION = YES;
				CLANG_WARN_INFINITE_RECURSION = YES;
				CLANG_WARN_INT_CONVERSION = YES;
				CLANG_WARN_NON_LITERAL_NULL_CONVERSION = YES;
				CLANG_WARN_OBJC_IMPLICIT_RETAIN_SELF = YES;
				CLANG_WARN_OBJC_LITERAL_CONVERSION = YES;
				CLANG_WARN_OBJC_ROOT_CLASS = YES_ERROR;
				CLANG_WARN_QUOTED_INCLUDE_IN_FRAMEWORK_HEADER = YES;
				CLANG_WARN_RANGE_LOOP_ANALYSIS = YES;
				CLANG_WARN_STRICT_PROTOTYPES = YES;
				CLANG_WARN_SUSPICIOUS_MOVE = YES;
				CLANG_WARN_UNGUARDED_AVAILABILITY = YES_AGGRESSIVE;
				CLANG_WARN_UNREACHABLE_CODE = YES;
				CLANG_WARN__DUPLICATE_METHOD_MATCH = YES;
				COPY_PHASE_STRIP = NO;
				DEBUG_INFORMATION_FORMAT = dwarf;
				ENABLE_STRICT_OBJC_MSGSEND = YES;
				ENABLE_TESTABILITY = YES;
				GCC_C_LANGUAGE_STANDARD = gnu11;
				GCC_DYNAMIC_NO_PIC = NO;
				GCC_NO_COMMON_BLOCKS = YES;
				GCC_OPTIMIZATION_LEVEL = 0;
				GCC_PREPROCESSOR_DEFINITIONS = (
					"DEBUG=1",
					"$(inherited)",
				);
				GCC_WARN_64_TO_32_BIT_CONVERSION = YES;
				GCC_WARN_ABOUT_RETURN_TYPE = YES_ERROR;
				GCC_WARN_UNDECLARED_SELECTOR = YES;
				GCC_WARN_UNINITIALIZED_AUTOS = YES_AGGRESSIVE;
				GCC_WARN_UNUSED_FUNCTION = YES;
				GCC_WARN_UNUSED_VARIABLE = YES;
				IPHONEOS_DEPLOYMENT_TARGET = 14.4;
				MTL_ENABLE_DEBUG_INFO = INCLUDE_SOURCE;
				MTL_FAST_MATH = YES;
				ONLY_ACTIVE_ARCH = YES;
				SDKROOT = iphoneos;
				SWIFT_ACTIVE_COMPILATION_CONDITIONS = DEBUG;
				SWIFT_OPTIMIZATION_LEVEL = "-Onone";
			};
			name = Debug;
		};
		48C1AEAA26052DAB003F48F1 /* Release */ = {
			isa = XCBuildConfiguration;
			buildSettings = {
				ALWAYS_SEARCH_USER_PATHS = NO;
				CLANG_ANALYZER_NONNULL = YES;
				CLANG_ANALYZER_NUMBER_OBJECT_CONVERSION = YES_AGGRESSIVE;
				CLANG_CXX_LANGUAGE_STANDARD = "gnu++14";
				CLANG_CXX_LIBRARY = "libc++";
				CLANG_ENABLE_MODULES = YES;
				CLANG_ENABLE_OBJC_ARC = YES;
				CLANG_ENABLE_OBJC_WEAK = YES;
				CLANG_WARN_BLOCK_CAPTURE_AUTORELEASING = YES;
				CLANG_WARN_BOOL_CONVERSION = YES;
				CLANG_WARN_COMMA = YES;
				CLANG_WARN_CONSTANT_CONVERSION = YES;
				CLANG_WARN_DEPRECATED_OBJC_IMPLEMENTATIONS = YES;
				CLANG_WARN_DIRECT_OBJC_ISA_USAGE = YES_ERROR;
				CLANG_WARN_DOCUMENTATION_COMMENTS = YES;
				CLANG_WARN_EMPTY_BODY = YES;
				CLANG_WARN_ENUM_CONVERSION = YES;
				CLANG_WARN_INFINITE_RECURSION = YES;
				CLANG_WARN_INT_CONVERSION = YES;
				CLANG_WARN_NON_LITERAL_NULL_CONVERSION = YES;
				CLANG_WARN_OBJC_IMPLICIT_RETAIN_SELF = YES;
				CLANG_WARN_OBJC_LITERAL_CONVERSION = YES;
				CLANG_WARN_OBJC_ROOT_CLASS = YES_ERROR;
				CLANG_WARN_QUOTED_INCLUDE_IN_FRAMEWORK_HEADER = YES;
				CLANG_WARN_RANGE_LOOP_ANALYSIS = YES;
				CLANG_WARN_STRICT_PROTOTYPES = YES;
				CLANG_WARN_SUSPICIOUS_MOVE = YES;
				CLANG_WARN_UNGUARDED_AVAILABILITY = YES_AGGRESSIVE;
				CLANG_WARN_UNREACHABLE_CODE = YES;
				CLANG_WARN__DUPLICATE_METHOD_MATCH = YES;
				COPY_PHASE_STRIP = NO;
				DEBUG_INFORMATION_FORMAT = "dwarf-with-dsym";
				ENABLE_NS_ASSERTIONS = NO;
				ENABLE_STRICT_OBJC_MSGSEND = YES;
				GCC_C_LANGUAGE_STANDARD = gnu11;
				GCC_NO_COMMON_BLOCKS = YES;
				GCC_WARN_64_TO_32_BIT_CONVERSION = YES;
				GCC_WARN_ABOUT_RETURN_TYPE = YES_ERROR;
				GCC_WARN_UNDECLARED_SELECTOR = YES;
				GCC_WARN_UNINITIALIZED_AUTOS = YES_AGGRESSIVE;
				GCC_WARN_UNUSED_FUNCTION = YES;
				GCC_WARN_UNUSED_VARIABLE = YES;
				IPHONEOS_DEPLOYMENT_TARGET = 14.4;
				MTL_ENABLE_DEBUG_INFO = NO;
				MTL_FAST_MATH = YES;
				SDKROOT = iphoneos;
				SWIFT_COMPILATION_MODE = wholemodule;
				SWIFT_OPTIMIZATION_LEVEL = "-O";
				VALIDATE_PRODUCT = YES;
			};
			name = Release;
		};
		48C1AEAC26052DAB003F48F1 /* Debug */ = {
			isa = XCBuildConfiguration;
			buildSettings = {
				ASSETCATALOG_COMPILER_APPICON_NAME = AppIcon;
				ASSETCATALOG_COMPILER_GLOBAL_ACCENT_COLOR_NAME = AccentColor;
				CODE_SIGN_STYLE = Automatic;
				DEVELOPMENT_ASSET_PATHS = "\"SwiftUIAnimation/Preview Content\"";
				DEVELOPMENT_TEAM = 8SJL86S8V5;
				ENABLE_PREVIEWS = YES;
				INFOPLIST_FILE = SwiftUIAnimation/Info.plist;
				IPHONEOS_DEPLOYMENT_TARGET = 14.0;
				LD_RUNPATH_SEARCH_PATHS = (
					"$(inherited)",
					"@executable_path/Frameworks",
				);
				PRODUCT_BUNDLE_IDENTIFIER = brigettevaldez.SwiftUIAnimation;
				PRODUCT_NAME = "$(TARGET_NAME)";
				SWIFT_VERSION = 5.0;
				TARGETED_DEVICE_FAMILY = "1,2";
			};
			name = Debug;
		};
		48C1AEAD26052DAB003F48F1 /* Release */ = {
			isa = XCBuildConfiguration;
			buildSettings = {
				ASSETCATALOG_COMPILER_APPICON_NAME = AppIcon;
				ASSETCATALOG_COMPILER_GLOBAL_ACCENT_COLOR_NAME = AccentColor;
				CODE_SIGN_STYLE = Automatic;
				DEVELOPMENT_ASSET_PATHS = "\"SwiftUIAnimation/Preview Content\"";
				DEVELOPMENT_TEAM = 8SJL86S8V5;
				ENABLE_PREVIEWS = YES;
				INFOPLIST_FILE = SwiftUIAnimation/Info.plist;
				IPHONEOS_DEPLOYMENT_TARGET = 14.0;
				LD_RUNPATH_SEARCH_PATHS = (
					"$(inherited)",
					"@executable_path/Frameworks",
				);
				PRODUCT_BUNDLE_IDENTIFIER = brigettevaldez.SwiftUIAnimation;
				PRODUCT_NAME = "$(TARGET_NAME)";
				SWIFT_VERSION = 5.0;
				TARGETED_DEVICE_FAMILY = "1,2";
			};
			name = Release;
		};
		48C1AEAF26052DAB003F48F1 /* Debug */ = {
			isa = XCBuildConfiguration;
			buildSettings = {
				ALWAYS_EMBED_SWIFT_STANDARD_LIBRARIES = YES;
				BUNDLE_LOADER = "$(TEST_HOST)";
				CODE_SIGN_STYLE = Automatic;
				DEVELOPMENT_TEAM = 8SJL86S8V5;
				INFOPLIST_FILE = SwiftUIAnimationTests/Info.plist;
				IPHONEOS_DEPLOYMENT_TARGET = 14.0;
				LD_RUNPATH_SEARCH_PATHS = (
					"$(inherited)",
					"@executable_path/Frameworks",
					"@loader_path/Frameworks",
				);
				PRODUCT_BUNDLE_IDENTIFIER = brigettevaldez.SwiftUIAnimationTests;
				PRODUCT_NAME = "$(TARGET_NAME)";
				SWIFT_VERSION = 5.0;
				TARGETED_DEVICE_FAMILY = "1,2";
				TEST_HOST = "$(BUILT_PRODUCTS_DIR)/SwiftUIAnimation.app/SwiftUIAnimation";
			};
			name = Debug;
		};
		48C1AEB026052DAB003F48F1 /* Release */ = {
			isa = XCBuildConfiguration;
			buildSettings = {
				ALWAYS_EMBED_SWIFT_STANDARD_LIBRARIES = YES;
				BUNDLE_LOADER = "$(TEST_HOST)";
				CODE_SIGN_STYLE = Automatic;
				DEVELOPMENT_TEAM = 8SJL86S8V5;
				INFOPLIST_FILE = SwiftUIAnimationTests/Info.plist;
				IPHONEOS_DEPLOYMENT_TARGET = 14.0;
				LD_RUNPATH_SEARCH_PATHS = (
					"$(inherited)",
					"@executable_path/Frameworks",
					"@loader_path/Frameworks",
				);
				PRODUCT_BUNDLE_IDENTIFIER = brigettevaldez.SwiftUIAnimationTests;
				PRODUCT_NAME = "$(TARGET_NAME)";
				SWIFT_VERSION = 5.0;
				TARGETED_DEVICE_FAMILY = "1,2";
				TEST_HOST = "$(BUILT_PRODUCTS_DIR)/SwiftUIAnimation.app/SwiftUIAnimation";
			};
			name = Release;
		};
		48C1AEB226052DAB003F48F1 /* Debug */ = {
			isa = XCBuildConfiguration;
			buildSettings = {
				ALWAYS_EMBED_SWIFT_STANDARD_LIBRARIES = YES;
				CODE_SIGN_STYLE = Automatic;
				DEVELOPMENT_TEAM = 8SJL86S8V5;
				INFOPLIST_FILE = SwiftUIAnimationUITests/Info.plist;
				LD_RUNPATH_SEARCH_PATHS = (
					"$(inherited)",
					"@executable_path/Frameworks",
					"@loader_path/Frameworks",
				);
				PRODUCT_BUNDLE_IDENTIFIER = brigettevaldez.SwiftUIAnimationUITests;
				PRODUCT_NAME = "$(TARGET_NAME)";
				SWIFT_VERSION = 5.0;
				TARGETED_DEVICE_FAMILY = "1,2";
				TEST_TARGET_NAME = SwiftUIAnimation;
			};
			name = Debug;
		};
		48C1AEB326052DAB003F48F1 /* Release */ = {
			isa = XCBuildConfiguration;
			buildSettings = {
				ALWAYS_EMBED_SWIFT_STANDARD_LIBRARIES = YES;
				CODE_SIGN_STYLE = Automatic;
				DEVELOPMENT_TEAM = 8SJL86S8V5;
				INFOPLIST_FILE = SwiftUIAnimationUITests/Info.plist;
				LD_RUNPATH_SEARCH_PATHS = (
					"$(inherited)",
					"@executable_path/Frameworks",
					"@loader_path/Frameworks",
				);
				PRODUCT_BUNDLE_IDENTIFIER = brigettevaldez.SwiftUIAnimationUITests;
				PRODUCT_NAME = "$(TARGET_NAME)";
				SWIFT_VERSION = 5.0;
				TARGETED_DEVICE_FAMILY = "1,2";
				TEST_TARGET_NAME = SwiftUIAnimation;
			};
			name = Release;
		};
/* End XCBuildConfiguration section */

/* Begin XCConfigurationList section */
		48C1AE8126052DA9003F48F1 /* Build configuration list for PBXProject "SwiftUIAnimation" */ = {
			isa = XCConfigurationList;
			buildConfigurations = (
				48C1AEA926052DAB003F48F1 /* Debug */,
				48C1AEAA26052DAB003F48F1 /* Release */,
			);
			defaultConfigurationIsVisible = 0;
			defaultConfigurationName = Release;
		};
		48C1AEAB26052DAB003F48F1 /* Build configuration list for PBXNativeTarget "SwiftUIAnimation" */ = {
			isa = XCConfigurationList;
			buildConfigurations = (
				48C1AEAC26052DAB003F48F1 /* Debug */,
				48C1AEAD26052DAB003F48F1 /* Release */,
			);
			defaultConfigurationIsVisible = 0;
			defaultConfigurationName = Release;
		};
		48C1AEAE26052DAB003F48F1 /* Build configuration list for PBXNativeTarget "SwiftUIAnimationTests" */ = {
			isa = XCConfigurationList;
			buildConfigurations = (
				48C1AEAF26052DAB003F48F1 /* Debug */,
				48C1AEB026052DAB003F48F1 /* Release */,
			);
			defaultConfigurationIsVisible = 0;
			defaultConfigurationName = Release;
		};
		48C1AEB126052DAB003F48F1 /* Build configuration list for PBXNativeTarget "SwiftUIAnimationUITests" */ = {
			isa = XCConfigurationList;
			buildConfigurations = (
				48C1AEB226052DAB003F48F1 /* Debug */,
				48C1AEB326052DAB003F48F1 /* Release */,
			);
			defaultConfigurationIsVisible = 0;
			defaultConfigurationName = Release;
		};
/* End XCConfigurationList section */
	};
	rootObject = 48C1AE7E26052DA9003F48F1 /* Project object */;
}
